# Pinned model downloads: a revision to fetch from, and a hash to check what
# arrived against. Generated by bench/pin-models.sh -- edit that, not this.
#
# Why pin at all. Both of these came from a mutable location --
# huggingface.co/.../resolve/main is a branch, not a version -- with nothing
# checking what came back. So an install was not reproducible (the file could
# change underneath you between two installs of the same commit), and nothing
# would notice if it changed for a worse reason than an upstream edit. https
# and refusing redirects covers the wire; this covers the far end.
#
# A voice with no entry here is not installed, deliberately: the point is that
# nothing arrives unverified. The list is every voice the settings page offers
# plus the ones the verifier trainer fetches for contrast.
#
# To refresh:  ./bench/pin-models.sh [--vosk] > models.lock

# The piper-voices revision every voice below is fetched from.
revision piper c10ece1aade47bb51c153c893d14e5bf8e5b7117

sha256 en_US-lessac-medium.onnx           5efe09e69902187827af646e1a6e9d269dee769f9877d17b16b1b46eeaaf019f
sha256 en_US-lessac-low.onnx              f7d01dde371555732c4c314111ac79672b1a5ce2fc19266ab42178fd8df7f375
sha256 en_US-amy-medium.onnx              b3a6e47b57b8c7fbe6a0ce2518161a50f59a9cdd8a50835c02cb02bdd6206c18
sha256 en_US-ryan-medium.onnx             abf4c274862564ed647ba0d2c47f8ee7c9b717d27bdad9219100eb310db4047a
sha256 en_US-joe-medium.onnx              58afce0321b8d9c46d7cdf9c16500cc55a793b4220212dba6b70fb788b3baf06
sha256 en_US-kristin-medium.onnx          5849957f929cbf720c258f8458692d6103fff2f0e3d3b19c8259474bb06a18d4
sha256 en_US-hfc_male-medium.onnx         d11e403a02bdf5a670c877b3dc56e0e1c8cece6fb30289586314dffdc0a78cb0
sha256 en_US-lessac-medium.onnx.json      efe19c417bed055f2d69908248c6ba650fa135bc868b0e6abb3da181dab690a0
sha256 en_US-lessac-low.onnx.json         45754dfdebb3b8661c3fc564713772deec6e064feeb5b4e9594857dc7305193a
sha256 en_US-amy-medium.onnx.json         95a23eb4d42909d38df73bb9ac7f45f597dbfcde2d1bf9526fdeaf5466977d77
sha256 en_US-ryan-medium.onnx.json        44034c056cb15681b2ad494307c7f3f2e4499d1253c700c711fa0a4607ffe78d
sha256 en_US-joe-medium.onnx.json         3d6d5410b3795cb1950595247ef8f06190719e6fdbfa3a2356d8ec368e1aad33
sha256 en_US-kristin-medium.onnx.json     5681426d4aead22195de70531eeeeddb46493cfaffc5764b2ea3db73428b651c
sha256 en_US-hfc_male-medium.onnx.json    f66847424aed0bf99ecbb5d7cfde47c0a906f426a0daf7c46f305e7d21afd886

# Vosk publishes versioned URLs rather than a branch, so this is a hash
# of what that URL served rather than a pin against drift.
sha256 vosk-model-small-en-us-0.15.zip 30f26242c4eb449f948e42cb302dd7a686cb29a3423a8367f99ff41780942498
